
Microsoft Visual Studio Solution File, Format Version 12.00
# Visual Studio Version 17
VisualStudioVersion = 17.14.36616.10 d17.14
MinimumVisualStudioVersion = 10.0.40219.1
Project("{FAE04EC0-301F-11D3-BF4B-00C04F79EFBC}") = "InactivateUsers_HangFireJob", "InactivateUsers_HangFireJob\InactivateUsers_HangFireJob.csproj", "{71C027F7-83CF-463F-9F40-0E7B421642A1}"
EndProject
Global
	GlobalSection(SolutionConfigurationPlatforms) = preSolution
		Debug|Any CPU = Debug|Any CPU
		Release|Any CPU = Release|Any CPU
	EndGlobalSection
	GlobalSection(ProjectConfigurationPlatforms) = postSolution
		{71C027F7-83CF-463F-9F40-0E7B421642A1}.Debug|Any CPU.ActiveCfg = Debug|Any CPU
		{71C027F7-83CF-463F-9F40-0E7B421642A1}.Debug|Any CPU.Build.0 = Debug|Any CPU
		{71C027F7-83CF-463F-9F40-0E7B421642A1}.Release|Any CPU.ActiveCfg = Release|Any CPU
		{71C027F7-83CF-463F-9F40-0E7B421642A1}.Release|Any CPU.Build.0 = Release|Any CPU
	EndGlobalSection
	GlobalSection(SolutionProperties) = preSolution
		HideSolutionNode = FALSE
	EndGlobalSection
	GlobalSection(ExtensibilityGlobals) = postSolution
		SolutionGuid = {CF873432-565D-4EF8-AC14-CA7CAF64B210}
	EndGlobalSection
EndGlobal
